
Microsoft Visual Studio Solution File, Format Version 12.00
# Visual Studio Version 17
VisualStudioVersion = 17.14.36301.6 d17.14
MinimumVisualStudioVersion = 10.0.40219.1
Project("{FAE04EC0-301F-11D3-BF4B-00C04F79EFBC}") = "ITIMVC", "ITIMVC\ITIMVC.csproj", "{CA108D00-9876-40E0-BBFE-F2C8C475F627}"
EndProject
Global
	GlobalSection(SolutionConfigurationPlatforms) = preSolution
		Debug|Any CPU = Debug|Any CPU
		Release|Any CPU = Release|Any CPU
	EndGlobalSection
	GlobalSection(ProjectConfigurationPlatforms) = postSolution
		{CA108D00-9876-40E0-BBFE-F2C8C475F627}.Debug|Any CPU.ActiveCfg = Debug|Any CPU
		{CA108D00-9876-40E0-BBFE-F2C8C475F627}.Debug|Any CPU.Build.0 = Debug|Any CPU
		{CA108D00-9876-40E0-BBFE-F2C8C475F627}.Release|Any CPU.ActiveCfg = Release|Any CPU
		{CA108D00-9876-40E0-BBFE-F2C8C475F627}.Release|Any CPU.Build.0 = Release|Any CPU
	EndGlobalSection
	GlobalSection(SolutionProperties) = preSolution
		HideSolutionNode = FALSE
	EndGlobalSection
	GlobalSection(ExtensibilityGlobals) = postSolution
		SolutionGuid = {90D36759-ED1B-41BA-AB90-036230E5C9EB}
	EndGlobalSection
EndGlobal
